{
  "name": "testexample",
  "version": "1.0.0",
  "lockfileVersion": 3,
  "requires": true,
  "packages": {
    "": {
      "name": "testexample",
      "version": "1.0.0",
      "license": "ISC",
      "dependencies": {
        "nodejs-logging-libary": "^1.0.0"
      }
    },
    "node_modules/keypress": {
      "version": "0.2.1",
      "resolved": "https://registry.npmjs.org/keypress/-/keypress-0.2.1.tgz",
      "integrity": "sha512-HjorDJFNhnM4SicvaUXac0X77NiskggxJdesG72+O5zBKpSqKFCrqmndKVqpu3pFqkla0St6uGk8Ju0sCurrmg==",
      "license": "MIT"
    },
    "node_modules/nodejs-logging-libary": {
      "version": "1.0.0",
      "resolved": "https://registry.npmjs.org/nodejs-logging-libary/-/nodejs-logging-libary-1.0.0.tgz",
      "integrity": "sha512-5rf5QeS5AAe0qH6UE/MrT72LVBMqmN5JvLVh9hACfhlCe9y091xpZZgCBcULGm/CT6HuFqSY+LmVAGihMcMsXw==",
      "license": "ISC",
      "dependencies": {
        "keypress": "^0.2.1",
        "tty": "^1.0.1"
      }
    },
    "node_modules/tty": {
      "version": "1.0.1",
      "resolved": "https://registry.npmjs.org/tty/-/tty-1.0.1.tgz",
      "integrity": "sha512-yCPqGIuidycVkRigBDshlGDLKu9+p4JKtBQijtYcI7ZnWwak56vwT7y7dGGTcxG+ecjxgWQOPWuvlePmxC5S2w==",
      "license": "ISC"
    }
  }
}
